
Microsoft Visual Studio Solution File, Format Version 12.00
# Visual Studio Version 18
VisualStudioVersion = 18.0.11217.181
MinimumVisualStudioVersion = 10.0.40219.1
Project("{FAE04EC0-301F-11D3-BF4B-00C04F79EFBC}") = "LabelStudy", "WpfMvvmStudy\LabelStudy.csproj", "{C05C3B35-B01D-48A3-A49A-6D778E4F7352}"
EndProject
Project("{FAE04EC0-301F-11D3-BF4B-00C04F79EFBC}") = "ButtonStudy", "ButtonStudy\ButtonStudy.csproj", "{7B54F4D6-E7E9-4EA2-BCA6-7B504F45BB47}"
EndProject
Project("{FAE04EC0-301F-11D3-BF4B-00C04F79EFBC}") = "IdealAppStudy", "IdelAppStudy\IdealAppStudy.csproj", "{9DAC304F-4BE4-4107-97DC-A95BA02DD57A}"
EndProject
Global
	GlobalSection(SolutionConfigurationPlatforms) = preSolution
		Debug|Any CPU = Debug|Any CPU
		Release|Any CPU = Release|Any CPU
	EndGlobalSection
	GlobalSection(ProjectConfigurationPlatforms) = postSolution
		{C05C3B35-B01D-48A3-A49A-6D778E4F7352}.Debug|Any CPU.ActiveCfg = Debug|Any CPU
		{C05C3B35-B01D-48A3-A49A-6D778E4F7352}.Debug|Any CPU.Build.0 = Debug|Any CPU
		{C05C3B35-B01D-48A3-A49A-6D778E4F7352}.Release|Any CPU.ActiveCfg = Release|Any CPU
		{C05C3B35-B01D-48A3-A49A-6D778E4F7352}.Release|Any CPU.Build.0 = Release|Any CPU
		{7B54F4D6-E7E9-4EA2-BCA6-7B504F45BB47}.Debug|Any CPU.ActiveCfg = Debug|Any CPU
		{7B54F4D6-E7E9-4EA2-BCA6-7B504F45BB47}.Debug|Any CPU.Build.0 = Debug|Any CPU
		{7B54F4D6-E7E9-4EA2-BCA6-7B504F45BB47}.Release|Any CPU.ActiveCfg = Release|Any CPU
		{7B54F4D6-E7E9-4EA2-BCA6-7B504F45BB47}.Release|Any CPU.Build.0 = Release|Any CPU
		{9DAC304F-4BE4-4107-97DC-A95BA02DD57A}.Debug|Any CPU.ActiveCfg = Debug|Any CPU
		{9DAC304F-4BE4-4107-97DC-A95BA02DD57A}.Debug|Any CPU.Build.0 = Debug|Any CPU
		{9DAC304F-4BE4-4107-97DC-A95BA02DD57A}.Release|Any CPU.ActiveCfg = Release|Any CPU
		{9DAC304F-4BE4-4107-97DC-A95BA02DD57A}.Release|Any CPU.Build.0 = Release|Any CPU
	EndGlobalSection
	GlobalSection(SolutionProperties) = preSolution
		HideSolutionNode = FALSE
	EndGlobalSection
	GlobalSection(ExtensibilityGlobals) = postSolution
		SolutionGuid = {0F828EE0-821C-490E-813A-69F5F3A44C32}
	EndGlobalSection
EndGlobal
